<?xml version="1.0" encoding="utf-8"?>
<Project ToolsVersion="4.0" xmlns="http://schemas.microsoft.com/developer/msbuild/2003">
  <ItemGroup>
    <Filter Include="NetWork">
      <UniqueIdentifier>{95d053e9-6175-4404-9107-282448c7f46c}</UniqueIdentifier>
    </Filter>
    <Filter Include="Job">
      <UniqueIdentifier>{1968b257-ce8c-4021-aca5-b6a898bd26e1}</UniqueIdentifier>
    </Filter>
    <Filter Include="Packet">
      <UniqueIdentifier>{61a020c4-c486-4944-b772-9a44512fdd6b}</UniqueIdentifier>
    </Filter>
    <Filter Include="Core">
      <UniqueIdentifier>{30fdf3d8-bdcc-40c7-8216-104d4335f009}</UniqueIdentifier>
    </Filter>
  </ItemGroup>
  <ItemGroup>
    <ClInclude Include="pch.h" />
    <ClInclude Include="IOCPServer.h">
      <Filter>NetWork</Filter>
    </ClInclude>
    <ClInclude Include="Listener.h">
      <Filter>NetWork</Filter>
    </ClInclude>
    <ClInclude Include="NetAddress.h">
      <Filter>NetWork</Filter>
    </ClInclude>
    <ClInclude Include="IOCPEvent.h">
      <Filter>NetWork</Filter>
    </ClInclude>
    <ClInclude Include="Session.h">
      <Filter>NetWork</Filter>
    </ClInclude>
    <ClInclude Include="RecvBuffer.h">
      <Filter>NetWork</Filter>
    </ClInclude>
    <ClInclude Include="SendBuffer.h">
      <Filter>NetWork</Filter>
    </ClInclude>
    <ClInclude Include="SocketUtil.h">
      <Filter>NetWork</Filter>
    </ClInclude>
    <ClInclude Include="Job.h">
      <Filter>Job</Filter>
    </ClInclude>
    <ClInclude Include="IOCPCore.h">
      <Filter>NetWork</Filter>
    </ClInclude>
    <ClInclude Include="Packet.h">
      <Filter>Packet</Filter>
    </ClInclude>
    <ClInclude Include="IOCPObject.h">
      <Filter>NetWork</Filter>
    </ClInclude>
    <ClInclude Include="Connector.h">
      <Filter>NetWork</Filter>
    </ClInclude>
    <ClInclude Include="concurrentqueue.h" />
    <ClInclude Include="SpinLock.h" />
    <ClInclude Include="CoreGlobal.h">
      <Filter>Core</Filter>
    </ClInclude>
    <ClInclude Include="CorePch.h">
      <Filter>Core</Filter>
    </ClInclude>
    <ClInclude Include="Types.h">
      <Filter>Core</Filter>
    </ClInclude>
  </ItemGroup>
  <ItemGroup>
    <ClCompile Include="pch.cpp" />
    <ClCompile Include="IOCPServer.cpp">
      <Filter>NetWork</Filter>
    </ClCompile>
    <ClCompile Include="Listener.cpp">
      <Filter>NetWork</Filter>
    </ClCompile>
    <ClCompile Include="NetAddress.cpp">
      <Filter>NetWork</Filter>
    </ClCompile>
    <ClCompile Include="IOCPEvent.cpp">
      <Filter>NetWork</Filter>
    </ClCompile>
    <ClCompile Include="Session.cpp">
      <Filter>NetWork</Filter>
    </ClCompile>
    <ClCompile Include="RecvBuffer.cpp">
      <Filter>NetWork</Filter>
    </ClCompile>
    <ClCompile Include="SendBuffer.cpp">
      <Filter>NetWork</Filter>
    </ClCompile>
    <ClCompile Include="SocketUtil.cpp">
      <Filter>NetWork</Filter>
    </ClCompile>
    <ClCompile Include="Job.cpp">
      <Filter>Job</Filter>
    </ClCompile>
    <ClCompile Include="IOCPCore.cpp">
      <Filter>NetWork</Filter>
    </ClCompile>
    <ClCompile Include="Packet.cpp">
      <Filter>Packet</Filter>
    </ClCompile>
    <ClCompile Include="IOCPObject.cpp">
      <Filter>NetWork</Filter>
    </ClCompile>
    <ClCompile Include="Connector.cpp">
      <Filter>NetWork</Filter>
    </ClCompile>
    <ClCompile Include="SpinLock.cpp" />
    <ClCompile Include="CoreGlobal.cpp">
      <Filter>Core</Filter>
    </ClCompile>
    <ClCompile Include="CorePch.cpp">
      <Filter>Core</Filter>
    </ClCompile>
  </ItemGroup>
</Project>